
Microsoft Visual Studio Solution File, Format Version 12.00
# Visual Studio Version 17
VisualStudioVersion = 17.14.36414.22 d17.14
MinimumVisualStudioVersion = 10.0.40219.1
Project("{FAE04EC0-301F-11D3-BF4B-00C04F79EFBC}") = "ABCRetail", "ABCRetail\ABCRetail.csproj", "{9566B8E6-64FF-4814-896C-6B88974DF7A8}"
EndProject
Global
	GlobalSection(SolutionConfigurationPlatforms) = preSolution
		Debug|Any CPU = Debug|Any CPU
		Release|Any CPU = Release|Any CPU
	EndGlobalSection
	GlobalSection(ProjectConfigurationPlatforms) = postSolution
		{9566B8E6-64FF-4814-896C-6B88974DF7A8}.Debug|Any CPU.ActiveCfg = Debug|Any CPU
		{9566B8E6-64FF-4814-896C-6B88974DF7A8}.Debug|Any CPU.Build.0 = Debug|Any CPU
		{9566B8E6-64FF-4814-896C-6B88974DF7A8}.Release|Any CPU.ActiveCfg = Release|Any CPU
		{9566B8E6-64FF-4814-896C-6B88974DF7A8}.Release|Any CPU.Build.0 = Release|Any CPU
	EndGlobalSection
	GlobalSection(SolutionProperties) = preSolution
		HideSolutionNode = FALSE
	EndGlobalSection
	GlobalSection(ExtensibilityGlobals) = postSolution
		SolutionGuid = {C40FB7B7-634E-4D97-8DEF-1A8D38B4EF43}
	EndGlobalSection
EndGlobal
